{
    "_readme": [
        "This file locks the dependencies of your project to a known state",
        "Read more about it at https://getcomposer.org/doc/01-basic-usage.md#composer-lock-the-lock-file",
        "This file is @generated automatically"
    ],
    "content-hash": "c75f9e9444fd023666047dea87eb9033",
    "packages": [
        {
            "name": "machy8/google-closure-compiler",
            "version": "v1.0.1",
            "source": {
                "type": "git",
                "url": "https://github.com/Machy8/google-closure-compiler.git",
                "reference": "4c74d82c1d441a47f2a03d6773f191ea8d44342a"
            },
            "dist": {
                "type": "zip",
                "url": "https://api.github.com/repos/Machy8/google-closure-compiler/zipball/4c74d82c1d441a47f2a03d6773f191ea8d44342a",
                "reference": "4c74d82c1d441a47f2a03d6773f191ea8d44342a",
                "shasum": ""
            },
            "require": {
                "php": ">=7.0"
            },
            "require-dev": {
                "nette/tester": "^1.7",
                "tracy/tracy": "^2.4"
            },
            "type": "library",
            "extra": {
                "branch-alias": {
                    "dev-master": "1.0-dev"
                }
            },
            "autoload": {
                "classmap": [
                    "src/"
                ]
            },
            "notification-url": "https://packagist.org/downloads/",
            "license": [
                "New BSD License"
            ],
            "authors": [
                {
                    "name": "Vladimír Macháček",
                    "email": "8machy@seznam.cz"
                }
            ],
            "description": "PHP client for the Google Closure Compiler API in one file.",
            "keywords": [
                "api",
                "closure",
                "compress",
                "google",
                "javascript",
                "minification",
                "php"
            ],
            "time": "2017-10-28T20:50:59+00:00"
        }
    ],
    "packages-dev": [],
    "aliases": [],
    "minimum-stability": "stable",
    "stability-flags": [],
    "prefer-stable": false,
    "prefer-lowest": false,
    "platform": [],
    "platform-dev": []
}
